// !$*UTF8*$!
{
	archiveVersion = 1;
	classes = {
	};
	objectVersion = 56;
	objects = {

/* Begin PBXBuildFile section */
		430CC8EC2B2E8B6100397CD6 /* TestHelperAppApp.swift in Sources */ = {isa = PBXBuildFile; fileRef = 430CC8EB2B2E8B6100397CD6 /* TestHelperAppApp.swift */; };
		430CC8EE2B2E8B6100397CD6 /* ContentView.swift in Sources */ = {isa = PBXBuildFile; fileRef = 430CC8ED2B2E8B6100397CD6 /* ContentView.swift */; };
		430CC8F02B2E8B6300397CD6 /* Assets.xcassets in Resources */ = {isa = PBXBuildFile; fileRef = 430CC8EF2B2E8B6300397CD6 /* Assets.xcassets */; };
		430CC8F32B2E8B6300397CD6 /* Preview Assets.xcassets in Resources */ = {isa = PBXBuildFile; fileRef = 430CC8F22B2E8B6300397CD6 /* Preview Assets.xcassets */; };
		430CC8FC2B2E978D00397CD6 /* CSAuthSampleApp in Frameworks */ = {isa = PBXBuildFile; productRef = 430CC8FB2B2E978D00397CD6 /* CSAuthSampleApp */; };
		430CC8FE2B2E978D00397CD6 /* CSAuthSampleCommon in Frameworks */ = {isa = PBXBuildFile; productRef = 430CC8FD2B2E978D00397CD6 /* CSAuthSampleCommon */; };
		430CC9002B2E978D00397CD6 /* CSAuthSampleHelper in Frameworks */ = {isa = PBXBuildFile; productRef = 430CC8FF2B2E978D00397CD6 /* CSAuthSampleHelper */; };
		430CC9022B2EA26400397CD6 /* ContentView2.swift in Sources */ = {isa = PBXBuildFile; fileRef = 430CC9012B2EA26400397CD6 /* ContentView2.swift */; };
		430CC9042B2EA47200397CD6 /* MessageSender2.swift in Sources */ = {isa = PBXBuildFile; fileRef = 430CC9032B2EA47200397CD6 /* MessageSender2.swift */; };
		430CC9062B2EA5D400397CD6 /* ServiceDelegate2.swift in Sources */ = {isa = PBXBuildFile; fileRef = 430CC9052B2EA5D400397CD6 /* ServiceDelegate2.swift */; };
		430CC9082B2EA63E00397CD6 /* XPCService2.swift in Sources */ = {isa = PBXBuildFile; fileRef = 430CC9072B2EA63E00397CD6 /* XPCService2.swift */; };
		430CC90A2B2EA6BF00397CD6 /* XPCServiceProtocol2.swift in Sources */ = {isa = PBXBuildFile; fileRef = 430CC9092B2EA6BF00397CD6 /* XPCServiceProtocol2.swift */; };
		430CC90C2B2EA7CD00397CD6 /* HelperConnection2.swift in Sources */ = {isa = PBXBuildFile; fileRef = 430CC90B2B2EA7CD00397CD6 /* HelperConnection2.swift */; };
		430CC90E2B2EA87300397CD6 /* HelperClient2.swift in Sources */ = {isa = PBXBuildFile; fileRef = 430CC90D2B2EA87300397CD6 /* HelperClient2.swift */; };
		430CC9102B2F4A0E00397CD6 /* HelperToolProtocol2.swift in Sources */ = {isa = PBXBuildFile; fileRef = 430CC90F2B2F4A0E00397CD6 /* HelperToolProtocol2.swift */; };
		430CC9122B2F4AE700397CD6 /* Identifiers2.swift in Sources */ = {isa = PBXBuildFile; fileRef = 430CC9112B2F4AE700397CD6 /* Identifiers2.swift */; };
		430CC9142B2F95E600397CD6 /* ExampleCommandSet2.swift in Sources */ = {isa = PBXBuildFile; fileRef = 430CC9132B2F95E600397CD6 /* ExampleCommandSet2.swift */; };
		43552E602B3132CE00F43341 /* XPCService.swift in Sources */ = {isa = PBXBuildFile; fileRef = 43552E5F2B3132CE00F43341 /* XPCService.swift */; };
		43552E622B3132CE00F43341 /* XPCServiceProtocol.swift in Sources */ = {isa = PBXBuildFile; fileRef = 43552E612B3132CE00F43341 /* XPCServiceProtocol.swift */; };
		43552E642B3132CE00F43341 /* main.swift in Sources */ = {isa = PBXBuildFile; fileRef = 43552E632B3132CE00F43341 /* main.swift */; };
		43552E692B3132CE00F43341 /* XPCService.xpc in Embed XPC Services */ = {isa = PBXBuildFile; fileRef = 43552E5D2B3132CD00F43341 /* XPCService.xpc */; settings = {ATTRIBUTES = (RemoveHeadersOnCopy, ); }; };
/* End PBXBuildFile section */

/* Begin PBXContainerItemProxy section */
		43552E672B3132CE00F43341 /* PBXContainerItemProxy */ = {
			isa = PBXContainerItemProxy;
			containerPortal = 430CC8E02B2E8B6100397CD6 /* Project object */;
			proxyType = 1;
			remoteGlobalIDString = 43552E5C2B3132CD00F43341;
			remoteInfo = XPCService;
		};
/* End PBXContainerItemProxy section */

/* Begin PBXCopyFilesBuildPhase section */
		43552E6D2B3132CE00F43341 /* Embed XPC Services */ = {
			isa = PBXCopyFilesBuildPhase;
			buildActionMask = 2147483647;
			dstPath = "$(CONTENTS_FOLDER_PATH)/XPCServices";
			dstSubfolderSpec = 16;
			files = (
				43552E692B3132CE00F43341 /* XPCService.xpc in Embed XPC Services */,
			);
			name = "Embed XPC Services";
			runOnlyForDeploymentPostprocessing = 0;
		};
/* End PBXCopyFilesBuildPhase section */

/* Begin PBXFileReference section */
		430CC8E82B2E8B6100397CD6 /* TestHelperApp.app */ = {isa = PBXFileReference; explicitFileType = wrapper.application; includeInIndex = 0; path = TestHelperApp.app; sourceTree = BUILT_PRODUCTS_DIR; };
		430CC8EB2B2E8B6100397CD6 /* TestHelperAppApp.swift */ = {isa = PBXFileReference; lastKnownFileType = sourcecode.swift; path = TestHelperAppApp.swift; sourceTree = "<group>"; };
		430CC8ED2B2E8B6100397CD6 /* ContentView.swift */ = {isa = PBXFileReference; lastKnownFileType = sourcecode.swift; path = ContentView.swift; sourceTree = "<group>"; };
		430CC8EF2B2E8B6300397CD6 /* Assets.xcassets */ = {isa = PBXFileReference; lastKnownFileType = folder.assetcatalog; path = Assets.xcassets; sourceTree = "<group>"; };
		430CC8F22B2E8B6300397CD6 /* Preview Assets.xcassets */ = {isa = PBXFileReference; lastKnownFileType = folder.assetcatalog; path = "Preview Assets.xcassets"; sourceTree = "<group>"; };
		430CC8F42B2E8B6300397CD6 /* TestHelperApp.entitlements */ = {isa = PBXFileReference; lastKnownFileType = text.plist.entitlements; path = TestHelperApp.entitlements; sourceTree = "<group>"; };
		430CC9012B2EA26400397CD6 /* ContentView2.swift */ = {isa = PBXFileReference; lastKnownFileType = sourcecode.swift; path = ContentView2.swift; sourceTree = "<group>"; };
		430CC9032B2EA47200397CD6 /* MessageSender2.swift */ = {isa = PBXFileReference; lastKnownFileType = sourcecode.swift; path = MessageSender2.swift; sourceTree = "<group>"; };
		430CC9052B2EA5D400397CD6 /* ServiceDelegate2.swift */ = {isa = PBXFileReference; lastKnownFileType = sourcecode.swift; path = ServiceDelegate2.swift; sourceTree = "<group>"; };
		430CC9072B2EA63E00397CD6 /* XPCService2.swift */ = {isa = PBXFileReference; lastKnownFileType = sourcecode.swift; path = XPCService2.swift; sourceTree = "<group>"; };
		430CC9092B2EA6BF00397CD6 /* XPCServiceProtocol2.swift */ = {isa = PBXFileReference; lastKnownFileType = sourcecode.swift; path = XPCServiceProtocol2.swift; sourceTree = "<group>"; };
		430CC90B2B2EA7CD00397CD6 /* HelperConnection2.swift */ = {isa = PBXFileReference; lastKnownFileType = sourcecode.swift; path = HelperConnection2.swift; sourceTree = "<group>"; };
		430CC90D2B2EA87300397CD6 /* HelperClient2.swift */ = {isa = PBXFileReference; lastKnownFileType = sourcecode.swift; path = HelperClient2.swift; sourceTree = "<group>"; };
		430CC90F2B2F4A0E00397CD6 /* HelperToolProtocol2.swift */ = {isa = PBXFileReference; lastKnownFileType = sourcecode.swift; path = HelperToolProtocol2.swift; sourceTree = "<group>"; };
		430CC9112B2F4AE700397CD6 /* Identifiers2.swift */ = {isa = PBXFileReference; lastKnownFileType = sourcecode.swift; path = Identifiers2.swift; sourceTree = "<group>"; };
		430CC9132B2F95E600397CD6 /* ExampleCommandSet2.swift */ = {isa = PBXFileReference; lastKnownFileType = sourcecode.swift; path = ExampleCommandSet2.swift; sourceTree = "<group>"; };
		43552E5D2B3132CD00F43341 /* XPCService.xpc */ = {isa = PBXFileReference; explicitFileType = "wrapper.xpc-service"; includeInIndex = 0; path = XPCService.xpc; sourceTree = BUILT_PRODUCTS_DIR; };
		43552E5F2B3132CE00F43341 /* XPCService.swift */ = {isa = PBXFileReference; lastKnownFileType = sourcecode.swift; path = XPCService.swift; sourceTree = "<group>"; };
		43552E612B3132CE00F43341 /* XPCServiceProtocol.swift */ = {isa = PBXFileReference; lastKnownFileType = sourcecode.swift; path = XPCServiceProtocol.swift; sourceTree = "<group>"; };
		43552E632B3132CE00F43341 /* main.swift */ = {isa = PBXFileReference; lastKnownFileType = sourcecode.swift; path = main.swift; sourceTree = "<group>"; };
		43552E652B3132CE00F43341 /* Info.plist */ = {isa = PBXFileReference; lastKnownFileType = text.plist.xml; path = Info.plist; sourceTree = "<group>"; };
		43552E662B3132CE00F43341 /* XPCService.entitlements */ = {isa = PBXFileReference; lastKnownFileType = text.plist.entitlements; path = XPCService.entitlements; sourceTree = "<group>"; };
/* End PBXFileReference section */

/* Begin PBXFrameworksBuildPhase section */
		430CC8E52B2E8B6100397CD6 /* Frameworks */ = {
			isa = PBXFrameworksBuildPhase;
			buildActionMask = 2147483647;
			files = (
				430CC8FC2B2E978D00397CD6 /* CSAuthSampleApp in Frameworks */,
				430CC8FE2B2E978D00397CD6 /* CSAuthSampleCommon in Frameworks */,
				430CC9002B2E978D00397CD6 /* CSAuthSampleHelper in Frameworks */,
			);
			runOnlyForDeploymentPostprocessing = 0;
		};
		43552E5A2B3132CD00F43341 /* Frameworks */ = {
			isa = PBXFrameworksBuildPhase;
			buildActionMask = 2147483647;
			files = (
			);
			runOnlyForDeploymentPostprocessing = 0;
		};
/* End PBXFrameworksBuildPhase section */

/* Begin PBXGroup section */
		430CC8DF2B2E8B6100397CD6 = {
			isa = PBXGroup;
			children = (
				430CC8EA2B2E8B6100397CD6 /* TestHelperApp */,
				43552E5E2B3132CE00F43341 /* XPCService */,
				430CC8E92B2E8B6100397CD6 /* Products */,
			);
			sourceTree = "<group>";
		};
		430CC8E92B2E8B6100397CD6 /* Products */ = {
			isa = PBXGroup;
			children = (
				430CC8E82B2E8B6100397CD6 /* TestHelperApp.app */,
				43552E5D2B3132CD00F43341 /* XPCService.xpc */,
			);
			name = Products;
			sourceTree = "<group>";
		};
		430CC8EA2B2E8B6100397CD6 /* TestHelperApp */ = {
			isa = PBXGroup;
			children = (
				430CC8EB2B2E8B6100397CD6 /* TestHelperAppApp.swift */,
				430CC8ED2B2E8B6100397CD6 /* ContentView.swift */,
				430CC9012B2EA26400397CD6 /* ContentView2.swift */,
				430CC9092B2EA6BF00397CD6 /* XPCServiceProtocol2.swift */,
				430CC90D2B2EA87300397CD6 /* HelperClient2.swift */,
				430CC9052B2EA5D400397CD6 /* ServiceDelegate2.swift */,
				430CC9032B2EA47200397CD6 /* MessageSender2.swift */,
				430CC90B2B2EA7CD00397CD6 /* HelperConnection2.swift */,
				430CC90F2B2F4A0E00397CD6 /* HelperToolProtocol2.swift */,
				430CC9112B2F4AE700397CD6 /* Identifiers2.swift */,
				430CC9132B2F95E600397CD6 /* ExampleCommandSet2.swift */,
				430CC9072B2EA63E00397CD6 /* XPCService2.swift */,
				430CC8EF2B2E8B6300397CD6 /* Assets.xcassets */,
				430CC8F42B2E8B6300397CD6 /* TestHelperApp.entitlements */,
				430CC8F12B2E8B6300397CD6 /* Preview Content */,
			);
			path = TestHelperApp;
			sourceTree = "<group>";
		};
		430CC8F12B2E8B6300397CD6 /* Preview Content */ = {
			isa = PBXGroup;
			children = (
				430CC8F22B2E8B6300397CD6 /* Preview Assets.xcassets */,
			);
			path = "Preview Content";
			sourceTree = "<group>";
		};
		43552E5E2B3132CE00F43341 /* XPCService */ = {
			isa = PBXGroup;
			children = (
				43552E612B3132CE00F43341 /* XPCServiceProtocol.swift */,
				43552E5F2B3132CE00F43341 /* XPCService.swift */,
				43552E632B3132CE00F43341 /* main.swift */,
				43552E652B3132CE00F43341 /* Info.plist */,
				43552E662B3132CE00F43341 /* XPCService.entitlements */,
			);
			path = XPCService;
			sourceTree = "<group>";
		};
/* End PBXGroup section */

/* Begin PBXNativeTarget section */
		430CC8E72B2E8B6100397CD6 /* TestHelperApp */ = {
			isa = PBXNativeTarget;
			buildConfigurationList = 430CC8F72B2E8B6300397CD6 /* Build configuration list for PBXNativeTarget "TestHelperApp" */;
			buildPhases = (
				430CC8E42B2E8B6100397CD6 /* Sources */,
				430CC8E52B2E8B6100397CD6 /* Frameworks */,
				430CC8E62B2E8B6100397CD6 /* Resources */,
				43552E6D2B3132CE00F43341 /* Embed XPC Services */,
			);
			buildRules = (
			);
			dependencies = (
				43552E682B3132CE00F43341 /* PBXTargetDependency */,
			);
			name = TestHelperApp;
			packageProductDependencies = (
				430CC8FB2B2E978D00397CD6 /* CSAuthSampleApp */,
				430CC8FD2B2E978D00397CD6 /* CSAuthSampleCommon */,
				430CC8FF2B2E978D00397CD6 /* CSAuthSampleHelper */,
			);
			productName = TestHelperApp;
			productReference = 430CC8E82B2E8B6100397CD6 /* TestHelperApp.app */;
			productType = "com.apple.product-type.application";
		};
		43552E5C2B3132CD00F43341 /* XPCService */ = {
			isa = PBXNativeTarget;
			buildConfigurationList = 43552E6A2B3132CE00F43341 /* Build configuration list for PBXNativeTarget "XPCService" */;
			buildPhases = (
				43552E592B3132CD00F43341 /* Sources */,
				43552E5A2B3132CD00F43341 /* Frameworks */,
				43552E5B2B3132CD00F43341 /* Resources */,
			);
			buildRules = (
			);
			dependencies = (
			);
			name = XPCService;
			productName = XPCService;
			productReference = 43552E5D2B3132CD00F43341 /* XPCService.xpc */;
			productType = "com.apple.product-type.xpc-service";
		};
/* End PBXNativeTarget section */

/* Begin PBXProject section */
		430CC8E02B2E8B6100397CD6 /* Project object */ = {
			isa = PBXProject;
			attributes = {
				BuildIndependentTargetsInParallel = 1;
				LastSwiftUpdateCheck = 1510;
				LastUpgradeCheck = 1510;
				TargetAttributes = {
					430CC8E72B2E8B6100397CD6 = {
						CreatedOnToolsVersion = 15.1;
					};
					43552E5C2B3132CD00F43341 = {
						CreatedOnToolsVersion = 15.1;
					};
				};
			};
			buildConfigurationList = 430CC8E32B2E8B6100397CD6 /* Build configuration list for PBXProject "TestHelperApp" */;
			compatibilityVersion = "Xcode 14.0";
			developmentRegion = en;
			hasScannedForEncodings = 0;
			knownRegions = (
				en,
				Base,
			);
			mainGroup = 430CC8DF2B2E8B6100397CD6;
			packageReferences = (
				430CC8FA2B2E978D00397CD6 /* XCRemoteSwiftPackageReference "CSAuthSample" */,
			);
			productRefGroup = 430CC8E92B2E8B6100397CD6 /* Products */;
			projectDirPath = "";
			projectRoot = "";
			targets = (
				430CC8E72B2E8B6100397CD6 /* TestHelperApp */,
				43552E5C2B3132CD00F43341 /* XPCService */,
			);
		};
/* End PBXProject section */

/* Begin PBXResourcesBuildPhase section */
		430CC8E62B2E8B6100397CD6 /* Resources */ = {
			isa = PBXResourcesBuildPhase;
			buildActionMask = 2147483647;
			files = (
				430CC8F32B2E8B6300397CD6 /* Preview Assets.xcassets in Resources */,
				430CC8F02B2E8B6300397CD6 /* Assets.xcassets in Resources */,
			);
			runOnlyForDeploymentPostprocessing = 0;
		};
		43552E5B2B3132CD00F43341 /* Resources */ = {
			isa = PBXResourcesBuildPhase;
			buildActionMask = 2147483647;
			files = (
			);
			runOnlyForDeploymentPostprocessing = 0;
		};
/* End PBXResourcesBuildPhase section */

/* Begin PBXSourcesBuildPhase section */
		430CC8E42B2E8B6100397CD6 /* Sources */ = {
			isa = PBXSourcesBuildPhase;
			buildActionMask = 2147483647;
			files = (
				430CC9142B2F95E600397CD6 /* ExampleCommandSet2.swift in Sources */,
				430CC9122B2F4AE700397CD6 /* Identifiers2.swift in Sources */,
				430CC9082B2EA63E00397CD6 /* XPCService2.swift in Sources */,
				430CC9062B2EA5D400397CD6 /* ServiceDelegate2.swift in Sources */,
				430CC9022B2EA26400397CD6 /* ContentView2.swift in Sources */,
				430CC8EE2B2E8B6100397CD6 /* ContentView.swift in Sources */,
				430CC90C2B2EA7CD00397CD6 /* HelperConnection2.swift in Sources */,
				430CC90E2B2EA87300397CD6 /* HelperClient2.swift in Sources */,
				430CC9102B2F4A0E00397CD6 /* HelperToolProtocol2.swift in Sources */,
				430CC90A2B2EA6BF00397CD6 /* XPCServiceProtocol2.swift in Sources */,
				430CC8EC2B2E8B6100397CD6 /* TestHelperAppApp.swift in Sources */,
				430CC9042B2EA47200397CD6 /* MessageSender2.swift in Sources */,
			);
			runOnlyForDeploymentPostprocessing = 0;
		};
		43552E592B3132CD00F43341 /* Sources */ = {
			isa = PBXSourcesBuildPhase;
			buildActionMask = 2147483647;
			files = (
				43552E602B3132CE00F43341 /* XPCService.swift in Sources */,
				43552E622B3132CE00F43341 /* XPCServiceProtocol.swift in Sources */,
				43552E642B3132CE00F43341 /* main.swift in Sources */,
			);
			runOnlyForDeploymentPostprocessing = 0;
		};
/* End PBXSourcesBuildPhase section */

/* Begin PBXTargetDependency section */
		43552E682B3132CE00F43341 /* PBXTargetDependency */ = {
			isa = PBXTargetDependency;
			target = 43552E5C2B3132CD00F43341 /* XPCService */;
			targetProxy = 43552E672B3132CE00F43341 /* PBXContainerItemProxy */;
		};
/* End PBXTargetDependency section */

/* Begin XCBuildConfiguration section */
		430CC8F52B2E8B6300397CD6 /* Debug */ = {
			isa = XCBuildConfiguration;
			buildSettings = {
				ALWAYS_SEARCH_USER_PATHS = NO;
				ASSETCATALOG_COMPILER_GENERATE_SWIFT_ASSET_SYMBOL_EXTENSIONS = YES;
				CLANG_ANALYZER_NONNULL = YES;
				CLANG_ANALYZER_NUMBER_OBJECT_CONVERSION = YES_AGGRESSIVE;
				CLANG_CXX_LANGUAGE_STANDARD = "gnu++20";
				CLANG_ENABLE_MODULES = YES;
				CLANG_ENABLE_OBJC_ARC = YES;
				CLANG_ENABLE_OBJC_WEAK = YES;
				CLANG_WARN_BLOCK_CAPTURE_AUTORELEASING = YES;
				CLANG_WARN_BOOL_CONVERSION = YES;
				CLANG_WARN_COMMA = YES;
				CLANG_WARN_CONSTANT_CONVERSION = YES;
				CLANG_WARN_DEPRECATED_OBJC_IMPLEMENTATIONS = YES;
				CLANG_WARN_DIRECT_OBJC_ISA_USAGE = YES_ERROR;
				CLANG_WARN_DOCUMENTATION_COMMENTS = YES;
				CLANG_WARN_EMPTY_BODY = YES;
				CLANG_WARN_ENUM_CONVERSION = YES;
				CLANG_WARN_INFINITE_RECURSION = YES;
				CLANG_WARN_INT_CONVERSION = YES;
				CLANG_WARN_NON_LITERAL_NULL_CONVERSION = YES;
				CLANG_WARN_OBJC_IMPLICIT_RETAIN_SELF = YES;
				CLANG_WARN_OBJC_LITERAL_CONVERSION = YES;
				CLANG_WARN_OBJC_ROOT_CLASS = YES_ERROR;
				CLANG_WARN_QUOTED_INCLUDE_IN_FRAMEWORK_HEADER = YES;
				CLANG_WARN_RANGE_LOOP_ANALYSIS = YES;
				CLANG_WARN_STRICT_PROTOTYPES = YES;
				CLANG_WARN_SUSPICIOUS_MOVE = YES;
				CLANG_WARN_UNGUARDED_AVAILABILITY = YES_AGGRESSIVE;
				CLANG_WARN_UNREACHABLE_CODE = YES;
				CLANG_WARN__DUPLICATE_METHOD_MATCH = YES;
				COPY_PHASE_STRIP = NO;
				DEBUG_INFORMATION_FORMAT = dwarf;
				ENABLE_STRICT_OBJC_MSGSEND = YES;
				ENABLE_TESTABILITY = YES;
				ENABLE_USER_SCRIPT_SANDBOXING = YES;
				GCC_C_LANGUAGE_STANDARD = gnu17;
				GCC_DYNAMIC_NO_PIC = NO;
				GCC_NO_COMMON_BLOCKS = YES;
				GCC_OPTIMIZATION_LEVEL = 0;
				GCC_PREPROCESSOR_DEFINITIONS = (
					"DEBUG=1",
					"$(inherited)",
				);
				GCC_WARN_64_TO_32_BIT_CONVERSION = YES;
				GCC_WARN_ABOUT_RETURN_TYPE = YES_ERROR;
				GCC_WARN_UNDECLARED_SELECTOR = YES;
				GCC_WARN_UNINITIALIZED_AUTOS = YES_AGGRESSIVE;
				GCC_WARN_UNUSED_FUNCTION = YES;
				GCC_WARN_UNUSED_VARIABLE = YES;
				LOCALIZATION_PREFERS_STRING_CATALOGS = YES;
				MACOSX_DEPLOYMENT_TARGET = 14.1;
				MTL_ENABLE_DEBUG_INFO = INCLUDE_SOURCE;
				MTL_FAST_MATH = YES;
				ONLY_ACTIVE_ARCH = YES;
				SDKROOT = macosx;
				SWIFT_ACTIVE_COMPILATION_CONDITIONS = "DEBUG $(inherited)";
				SWIFT_OPTIMIZATION_LEVEL = "-Onone";
			};
			name = Debug;
		};
		430CC8F62B2E8B6300397CD6 /* Release */ = {
			isa = XCBuildConfiguration;
			buildSettings = {
				ALWAYS_SEARCH_USER_PATHS = NO;
				ASSETCATALOG_COMPILER_GENERATE_SWIFT_ASSET_SYMBOL_EXTENSIONS = YES;
				CLANG_ANALYZER_NONNULL = YES;
				CLANG_ANALYZER_NUMBER_OBJECT_CONVERSION = YES_AGGRESSIVE;
				CLANG_CXX_LANGUAGE_STANDARD = "gnu++20";
				CLANG_ENABLE_MODULES = YES;
				CLANG_ENABLE_OBJC_ARC = YES;
				CLANG_ENABLE_OBJC_WEAK = YES;
				CLANG_WARN_BLOCK_CAPTURE_AUTORELEASING = YES;
				CLANG_WARN_BOOL_CONVERSION = YES;
				CLANG_WARN_COMMA = YES;
				CLANG_WARN_CONSTANT_CONVERSION = YES;
				CLANG_WARN_DEPRECATED_OBJC_IMPLEMENTATIONS = YES;
				CLANG_WARN_DIRECT_OBJC_ISA_USAGE = YES_ERROR;
				CLANG_WARN_DOCUMENTATION_COMMENTS = YES;
				CLANG_WARN_EMPTY_BODY = YES;
				CLANG_WARN_ENUM_CONVERSION = YES;
				CLANG_WARN_INFINITE_RECURSION = YES;
				CLANG_WARN_INT_CONVERSION = YES;
				CLANG_WARN_NON_LITERAL_NULL_CONVERSION = YES;
				CLANG_WARN_OBJC_IMPLICIT_RETAIN_SELF = YES;
				CLANG_WARN_OBJC_LITERAL_CONVERSION = YES;
				CLANG_WARN_OBJC_ROOT_CLASS = YES_ERROR;
				CLANG_WARN_QUOTED_INCLUDE_IN_FRAMEWORK_HEADER = YES;
				CLANG_WARN_RANGE_LOOP_ANALYSIS = YES;
				CLANG_WARN_STRICT_PROTOTYPES = YES;
				CLANG_WARN_SUSPICIOUS_MOVE = YES;
				CLANG_WARN_UNGUARDED_AVAILABILITY = YES_AGGRESSIVE;
				CLANG_WARN_UNREACHABLE_CODE = YES;
				CLANG_WARN__DUPLICATE_METHOD_MATCH = YES;
				COPY_PHASE_STRIP = NO;
				DEBUG_INFORMATION_FORMAT = "dwarf-with-dsym";
				ENABLE_NS_ASSERTIONS = NO;
				ENABLE_STRICT_OBJC_MSGSEND = YES;
				ENABLE_USER_SCRIPT_SANDBOXING = YES;
				GCC_C_LANGUAGE_STANDARD = gnu17;
				GCC_NO_COMMON_BLOCKS = YES;
				GCC_WARN_64_TO_32_BIT_CONVERSION = YES;
				GCC_WARN_ABOUT_RETURN_TYPE = YES_ERROR;
				GCC_WARN_UNDECLARED_SELECTOR = YES;
				GCC_WARN_UNINITIALIZED_AUTOS = YES_AGGRESSIVE;
				GCC_WARN_UNUSED_FUNCTION = YES;
				GCC_WARN_UNUSED_VARIABLE = YES;
				LOCALIZATION_PREFERS_STRING_CATALOGS = YES;
				MACOSX_DEPLOYMENT_TARGET = 14.1;
				MTL_ENABLE_DEBUG_INFO = NO;
				MTL_FAST_MATH = YES;
				SDKROOT = macosx;
				SWIFT_COMPILATION_MODE = wholemodule;
			};
			name = Release;
		};
		430CC8F82B2E8B6300397CD6 /* Debug */ = {
			isa = XCBuildConfiguration;
			buildSettings = {
				ALWAYS_EMBED_SWIFT_STANDARD_LIBRARIES = YES;
				ASSETCATALOG_COMPILER_APPICON_NAME = AppIcon;
				ASSETCATALOG_COMPILER_GLOBAL_ACCENT_COLOR_NAME = AccentColor;
				CODE_SIGN_ENTITLEMENTS = TestHelperApp/TestHelperApp.entitlements;
				CODE_SIGN_STYLE = Automatic;
				COMBINE_HIDPI_IMAGES = YES;
				CURRENT_PROJECT_VERSION = 1;
				DEVELOPMENT_ASSET_PATHS = "\"TestHelperApp/Preview Content\"";
				DEVELOPMENT_TEAM = QCQ83KS7QR;
				ENABLE_HARDENED_RUNTIME = YES;
				ENABLE_PREVIEWS = YES;
				GENERATE_INFOPLIST_FILE = YES;
				INFOPLIST_KEY_NSHumanReadableCopyright = "";
				LD_RUNPATH_SEARCH_PATHS = (
					"$(inherited)",
					"@executable_path/../Frameworks",
				);
				MARKETING_VERSION = 1.0;
				PRODUCT_BUNDLE_IDENTIFIER = com.lautarobarrera.TestHelperApp;
				PRODUCT_NAME = "$(TARGET_NAME)";
				SWIFT_EMIT_LOC_STRINGS = YES;
				SWIFT_VERSION = 5.0;
			};
			name = Debug;
		};
		430CC8F92B2E8B6300397CD6 /* Release */ = {
			isa = XCBuildConfiguration;
			buildSettings = {
				ALWAYS_EMBED_SWIFT_STANDARD_LIBRARIES = YES;
				ASSETCATALOG_COMPILER_APPICON_NAME = AppIcon;
				ASSETCATALOG_COMPILER_GLOBAL_ACCENT_COLOR_NAME = AccentColor;
				CODE_SIGN_ENTITLEMENTS = TestHelperApp/TestHelperApp.entitlements;
				CODE_SIGN_STYLE = Automatic;
				COMBINE_HIDPI_IMAGES = YES;
				CURRENT_PROJECT_VERSION = 1;
				DEVELOPMENT_ASSET_PATHS = "\"TestHelperApp/Preview Content\"";
				DEVELOPMENT_TEAM = QCQ83KS7QR;
				ENABLE_HARDENED_RUNTIME = YES;
				ENABLE_PREVIEWS = YES;
				GENERATE_INFOPLIST_FILE = YES;
				INFOPLIST_KEY_NSHumanReadableCopyright = "";
				LD_RUNPATH_SEARCH_PATHS = (
					"$(inherited)",
					"@executable_path/../Frameworks",
				);
				MARKETING_VERSION = 1.0;
				PRODUCT_BUNDLE_IDENTIFIER = com.lautarobarrera.TestHelperApp;
				PRODUCT_NAME = "$(TARGET_NAME)";
				SWIFT_EMIT_LOC_STRINGS = YES;
				SWIFT_VERSION = 5.0;
			};
			name = Release;
		};
		43552E6B2B3132CE00F43341 /* Debug */ = {
			isa = XCBuildConfiguration;
			buildSettings = {
				CODE_SIGN_ENTITLEMENTS = XPCService/XPCService.entitlements;
				CODE_SIGN_STYLE = Automatic;
				COMBINE_HIDPI_IMAGES = YES;
				CURRENT_PROJECT_VERSION = 1;
				DEVELOPMENT_TEAM = QCQ83KS7QR;
				ENABLE_HARDENED_RUNTIME = YES;
				GENERATE_INFOPLIST_FILE = YES;
				INFOPLIST_FILE = XPCService/Info.plist;
				INFOPLIST_KEY_CFBundleDisplayName = XPCService;
				INFOPLIST_KEY_NSHumanReadableCopyright = "";
				MARKETING_VERSION = 1.0;
				PRODUCT_BUNDLE_IDENTIFIER = LB.XPCService;
				PRODUCT_NAME = "$(TARGET_NAME)";
				SKIP_INSTALL = YES;
				SWIFT_EMIT_LOC_STRINGS = YES;
				SWIFT_VERSION = 5.0;
			};
			name = Debug;
		};
		43552E6C2B3132CE00F43341 /* Release */ = {
			isa = XCBuildConfiguration;
			buildSettings = {
				CODE_SIGN_ENTITLEMENTS = XPCService/XPCService.entitlements;
				CODE_SIGN_STYLE = Automatic;
				COMBINE_HIDPI_IMAGES = YES;
				CURRENT_PROJECT_VERSION = 1;
				DEVELOPMENT_TEAM = QCQ83KS7QR;
				ENABLE_HARDENED_RUNTIME = YES;
				GENERATE_INFOPLIST_FILE = YES;
				INFOPLIST_FILE = XPCService/Info.plist;
				INFOPLIST_KEY_CFBundleDisplayName = XPCService;
				INFOPLIST_KEY_NSHumanReadableCopyright = "";
				MARKETING_VERSION = 1.0;
				PRODUCT_BUNDLE_IDENTIFIER = LB.XPCService;
				PRODUCT_NAME = "$(TARGET_NAME)";
				SKIP_INSTALL = YES;
				SWIFT_EMIT_LOC_STRINGS = YES;
				SWIFT_VERSION = 5.0;
			};
			name = Release;
		};
/* End XCBuildConfiguration section */

/* Begin XCConfigurationList section */
		430CC8E32B2E8B6100397CD6 /* Build configuration list for PBXProject "TestHelperApp" */ = {
			isa = XCConfigurationList;
			buildConfigurations = (
				430CC8F52B2E8B6300397CD6 /* Debug */,
				430CC8F62B2E8B6300397CD6 /* Release */,
			);
			defaultConfigurationIsVisible = 0;
			defaultConfigurationName = Release;
		};
		430CC8F72B2E8B6300397CD6 /* Build configuration list for PBXNativeTarget "TestHelperApp" */ = {
			isa = XCConfigurationList;
			buildConfigurations = (
				430CC8F82B2E8B6300397CD6 /* Debug */,
				430CC8F92B2E8B6300397CD6 /* Release */,
			);
			defaultConfigurationIsVisible = 0;
			defaultConfigurationName = Release;
		};
		43552E6A2B3132CE00F43341 /* Build configuration list for PBXNativeTarget "XPCService" */ = {
			isa = XCConfigurationList;
			buildConfigurations = (
				43552E6B2B3132CE00F43341 /* Debug */,
				43552E6C2B3132CE00F43341 /* Release */,
			);
			defaultConfigurationIsVisible = 0;
			defaultConfigurationName = Release;
		};
/* End XCConfigurationList section */

/* Begin XCRemoteSwiftPackageReference section */
		430CC8FA2B2E978D00397CD6 /* XCRemoteSwiftPackageReference "CSAuthSample" */ = {
			isa = XCRemoteSwiftPackageReference;
			repositoryURL = "https://github.com/CharlesJS/CSAuthSample.git";
			requirement = {
				kind = upToNextMajorVersion;
				minimumVersion = 3.0.2;
			};
		};
/* End XCRemoteSwiftPackageReference section */

/* Begin XCSwiftPackageProductDependency section */
		430CC8FB2B2E978D00397CD6 /* CSAuthSampleApp */ = {
			isa = XCSwiftPackageProductDependency;
			package = 430CC8FA2B2E978D00397CD6 /* XCRemoteSwiftPackageReference "CSAuthSample" */;
			productName = CSAuthSampleApp;
		};
		430CC8FD2B2E978D00397CD6 /* CSAuthSampleCommon */ = {
			isa = XCSwiftPackageProductDependency;
			package = 430CC8FA2B2E978D00397CD6 /* XCRemoteSwiftPackageReference "CSAuthSample" */;
			productName = CSAuthSampleCommon;
		};
		430CC8FF2B2E978D00397CD6 /* CSAuthSampleHelper */ = {
			isa = XCSwiftPackageProductDependency;
			package = 430CC8FA2B2E978D00397CD6 /* XCRemoteSwiftPackageReference "CSAuthSample" */;
			productName = CSAuthSampleHelper;
		};
/* End XCSwiftPackageProductDependency section */
	};
	rootObject = 430CC8E02B2E8B6100397CD6 /* Project object */;
}
