// !$*UTF8*$!
{
	archiveVersion = 1;
	classes = {
	};
	objectVersion = 56;
	objects = {

/* Begin PBXBuildFile section */
		432B8C552B1FC06600F9F3D3 /* TestVariosApp.swift in Sources */ = {isa = PBXBuildFile; fileRef = 432B8C542B1FC06600F9F3D3 /* TestVariosApp.swift */; };
		432B8C572B1FC06600F9F3D3 /* ContentView.swift in Sources */ = {isa = PBXBuildFile; fileRef = 432B8C562B1FC06600F9F3D3 /* ContentView.swift */; };
		432B8C592B1FC06800F9F3D3 /* Assets.xcassets in Resources */ = {isa = PBXBuildFile; fileRef = 432B8C582B1FC06800F9F3D3 /* Assets.xcassets */; };
		432B8C5C2B1FC06800F9F3D3 /* Preview Assets.xcassets in Resources */ = {isa = PBXBuildFile; fileRef = 432B8C5B2B1FC06800F9F3D3 /* Preview Assets.xcassets */; };
		432B8C642B1FC09C00F9F3D3 /* SimpleCaseView.swift in Sources */ = {isa = PBXBuildFile; fileRef = 432B8C632B1FC09C00F9F3D3 /* SimpleCaseView.swift */; };
		432B8C662B1FC0FF00F9F3D3 /* ParentalSimpleView.swift in Sources */ = {isa = PBXBuildFile; fileRef = 432B8C652B1FC0FF00F9F3D3 /* ParentalSimpleView.swift */; };
		432B8C682B1FDE1500F9F3D3 /* SimpleCaseViewRev.swift in Sources */ = {isa = PBXBuildFile; fileRef = 432B8C672B1FDE1500F9F3D3 /* SimpleCaseViewRev.swift */; };
/* End PBXBuildFile section */

/* Begin PBXFileReference section */
		432B8C512B1FC06600F9F3D3 /* TestVarios.app */ = {isa = PBXFileReference; explicitFileType = wrapper.application; includeInIndex = 0; path = TestVarios.app; sourceTree = BUILT_PRODUCTS_DIR; };
		432B8C542B1FC06600F9F3D3 /* TestVariosApp.swift */ = {isa = PBXFileReference; lastKnownFileType = sourcecode.swift; path = TestVariosApp.swift; sourceTree = "<group>"; };
		432B8C562B1FC06600F9F3D3 /* ContentView.swift */ = {isa = PBXFileReference; lastKnownFileType = sourcecode.swift; path = ContentView.swift; sourceTree = "<group>"; };
		432B8C582B1FC06800F9F3D3 /* Assets.xcassets */ = {isa = PBXFileReference; lastKnownFileType = folder.assetcatalog; path = Assets.xcassets; sourceTree = "<group>"; };
		432B8C5B2B1FC06800F9F3D3 /* Preview Assets.xcassets */ = {isa = PBXFileReference; lastKnownFileType = folder.assetcatalog; path = "Preview Assets.xcassets"; sourceTree = "<group>"; };
		432B8C5D2B1FC06800F9F3D3 /* TestVarios.entitlements */ = {isa = PBXFileReference; lastKnownFileType = text.plist.entitlements; path = TestVarios.entitlements; sourceTree = "<group>"; };
		432B8C632B1FC09C00F9F3D3 /* SimpleCaseView.swift */ = {isa = PBXFileReference; lastKnownFileType = sourcecode.swift; path = SimpleCaseView.swift; sourceTree = "<group>"; };
		432B8C652B1FC0FF00F9F3D3 /* ParentalSimpleView.swift */ = {isa = PBXFileReference; lastKnownFileType = sourcecode.swift; path = ParentalSimpleView.swift; sourceTree = "<group>"; };
		432B8C672B1FDE1500F9F3D3 /* SimpleCaseViewRev.swift */ = {isa = PBXFileReference; fileEncoding = 4; lastKnownFileType = sourcecode.swift; path = SimpleCaseViewRev.swift; sourceTree = "<group>"; };
/* End PBXFileReference section */

/* Begin PBXFrameworksBuildPhase section */
		432B8C4E2B1FC06600F9F3D3 /* Frameworks */ = {
			isa = PBXFrameworksBuildPhase;
			buildActionMask = 2147483647;
			files = (
			);
			runOnlyForDeploymentPostprocessing = 0;
		};
/* End PBXFrameworksBuildPhase section */

/* Begin PBXGroup section */
		432B8C482B1FC06600F9F3D3 = {
			isa = PBXGroup;
			children = (
				432B8C532B1FC06600F9F3D3 /* TestVarios */,
				432B8C522B1FC06600F9F3D3 /* Products */,
			);
			sourceTree = "<group>";
		};
		432B8C522B1FC06600F9F3D3 /* Products */ = {
			isa = PBXGroup;
			children = (
				432B8C512B1FC06600F9F3D3 /* TestVarios.app */,
			);
			name = Products;
			sourceTree = "<group>";
		};
		432B8C532B1FC06600F9F3D3 /* TestVarios */ = {
			isa = PBXGroup;
			children = (
				432B8C542B1FC06600F9F3D3 /* TestVariosApp.swift */,
				432B8C562B1FC06600F9F3D3 /* ContentView.swift */,
				432B8C632B1FC09C00F9F3D3 /* SimpleCaseView.swift */,
				432B8C672B1FDE1500F9F3D3 /* SimpleCaseViewRev.swift */,
				432B8C652B1FC0FF00F9F3D3 /* ParentalSimpleView.swift */,
				432B8C582B1FC06800F9F3D3 /* Assets.xcassets */,
				432B8C5D2B1FC06800F9F3D3 /* TestVarios.entitlements */,
				432B8C5A2B1FC06800F9F3D3 /* Preview Content */,
			);
			path = TestVarios;
			sourceTree = "<group>";
		};
		432B8C5A2B1FC06800F9F3D3 /* Preview Content */ = {
			isa = PBXGroup;
			children = (
				432B8C5B2B1FC06800F9F3D3 /* Preview Assets.xcassets */,
			);
			path = "Preview Content";
			sourceTree = "<group>";
		};
/* End PBXGroup section */

/* Begin PBXNativeTarget section */
		432B8C502B1FC06600F9F3D3 /* TestVarios */ = {
			isa = PBXNativeTarget;
			buildConfigurationList = 432B8C602B1FC06800F9F3D3 /* Build configuration list for PBXNativeTarget "TestVarios" */;
			buildPhases = (
				432B8C4D2B1FC06600F9F3D3 /* Sources */,
				432B8C4E2B1FC06600F9F3D3 /* Frameworks */,
				432B8C4F2B1FC06600F9F3D3 /* Resources */,
			);
			buildRules = (
			);
			dependencies = (
			);
			name = TestVarios;
			productName = TestVarios;
			productReference = 432B8C512B1FC06600F9F3D3 /* TestVarios.app */;
			productType = "com.apple.product-type.application";
		};
/* End PBXNativeTarget section */

/* Begin PBXProject section */
		432B8C492B1FC06600F9F3D3 /* Project object */ = {
			isa = PBXProject;
			attributes = {
				BuildIndependentTargetsInParallel = 1;
				LastSwiftUpdateCheck = 1500;
				LastUpgradeCheck = 1500;
				TargetAttributes = {
					432B8C502B1FC06600F9F3D3 = {
						CreatedOnToolsVersion = 15.0.1;
					};
				};
			};
			buildConfigurationList = 432B8C4C2B1FC06600F9F3D3 /* Build configuration list for PBXProject "TestVarios" */;
			compatibilityVersion = "Xcode 14.0";
			developmentRegion = en;
			hasScannedForEncodings = 0;
			knownRegions = (
				en,
				Base,
			);
			mainGroup = 432B8C482B1FC06600F9F3D3;
			productRefGroup = 432B8C522B1FC06600F9F3D3 /* Products */;
			projectDirPath = "";
			projectRoot = "";
			targets = (
				432B8C502B1FC06600F9F3D3 /* TestVarios */,
			);
		};
/* End PBXProject section */

/* Begin PBXResourcesBuildPhase section */
		432B8C4F2B1FC06600F9F3D3 /* Resources */ = {
			isa = PBXResourcesBuildPhase;
			buildActionMask = 2147483647;
			files = (
				432B8C5C2B1FC06800F9F3D3 /* Preview Assets.xcassets in Resources */,
				432B8C592B1FC06800F9F3D3 /* Assets.xcassets in Resources */,
			);
			runOnlyForDeploymentPostprocessing = 0;
		};
/* End PBXResourcesBuildPhase section */

/* Begin PBXSourcesBuildPhase section */
		432B8C4D2B1FC06600F9F3D3 /* Sources */ = {
			isa = PBXSourcesBuildPhase;
			buildActionMask = 2147483647;
			files = (
				432B8C572B1FC06600F9F3D3 /* ContentView.swift in Sources */,
				432B8C642B1FC09C00F9F3D3 /* SimpleCaseView.swift in Sources */,
				432B8C552B1FC06600F9F3D3 /* TestVariosApp.swift in Sources */,
				432B8C682B1FDE1500F9F3D3 /* SimpleCaseViewRev.swift in Sources */,
				432B8C662B1FC0FF00F9F3D3 /* ParentalSimpleView.swift in Sources */,
			);
			runOnlyForDeploymentPostprocessing = 0;
		};
/* End PBXSourcesBuildPhase section */

/* Begin XCBuildConfiguration section */
		432B8C5E2B1FC06800F9F3D3 /* Debug */ = {
			isa = XCBuildConfiguration;
			buildSettings = {
				ALWAYS_SEARCH_USER_PATHS = NO;
				ASSETCATALOG_COMPILER_GENERATE_SWIFT_ASSET_SYMBOL_EXTENSIONS = YES;
				CLANG_ANALYZER_NONNULL = YES;
				CLANG_ANALYZER_NUMBER_OBJECT_CONVERSION = YES_AGGRESSIVE;
				CLANG_CXX_LANGUAGE_STANDARD = "gnu++20";
				CLANG_ENABLE_MODULES = YES;
				CLANG_ENABLE_OBJC_ARC = YES;
				CLANG_ENABLE_OBJC_WEAK = YES;
				CLANG_WARN_BLOCK_CAPTURE_AUTORELEASING = YES;
				CLANG_WARN_BOOL_CONVERSION = YES;
				CLANG_WARN_COMMA = YES;
				CLANG_WARN_CONSTANT_CONVERSION = YES;
				CLANG_WARN_DEPRECATED_OBJC_IMPLEMENTATIONS = YES;
				CLANG_WARN_DIRECT_OBJC_ISA_USAGE = YES_ERROR;
				CLANG_WARN_DOCUMENTATION_COMMENTS = YES;
				CLANG_WARN_EMPTY_BODY = YES;
				CLANG_WARN_ENUM_CONVERSION = YES;
				CLANG_WARN_INFINITE_RECURSION = YES;
				CLANG_WARN_INT_CONVERSION = YES;
				CLANG_WARN_NON_LITERAL_NULL_CONVERSION = YES;
				CLANG_WARN_OBJC_IMPLICIT_RETAIN_SELF = YES;
				CLANG_WARN_OBJC_LITERAL_CONVERSION = YES;
				CLANG_WARN_OBJC_ROOT_CLASS = YES_ERROR;
				CLANG_WARN_QUOTED_INCLUDE_IN_FRAMEWORK_HEADER = YES;
				CLANG_WARN_RANGE_LOOP_ANALYSIS = YES;
				CLANG_WARN_STRICT_PROTOTYPES = YES;
				CLANG_WARN_SUSPICIOUS_MOVE = YES;
				CLANG_WARN_UNGUARDED_AVAILABILITY = YES_AGGRESSIVE;
				CLANG_WARN_UNREACHABLE_CODE = YES;
				CLANG_WARN__DUPLICATE_METHOD_MATCH = YES;
				COPY_PHASE_STRIP = NO;
				DEBUG_INFORMATION_FORMAT = dwarf;
				ENABLE_STRICT_OBJC_MSGSEND = YES;
				ENABLE_TESTABILITY = YES;
				ENABLE_USER_SCRIPT_SANDBOXING = YES;
				GCC_C_LANGUAGE_STANDARD = gnu17;
				GCC_DYNAMIC_NO_PIC = NO;
				GCC_NO_COMMON_BLOCKS = YES;
				GCC_OPTIMIZATION_LEVEL = 0;
				GCC_PREPROCESSOR_DEFINITIONS = (
					"DEBUG=1",
					"$(inherited)",
				);
				GCC_WARN_64_TO_32_BIT_CONVERSION = YES;
				GCC_WARN_ABOUT_RETURN_TYPE = YES_ERROR;
				GCC_WARN_UNDECLARED_SELECTOR = YES;
				GCC_WARN_UNINITIALIZED_AUTOS = YES_AGGRESSIVE;
				GCC_WARN_UNUSED_FUNCTION = YES;
				GCC_WARN_UNUSED_VARIABLE = YES;
				LOCALIZATION_PREFERS_STRING_CATALOGS = YES;
				MACOSX_DEPLOYMENT_TARGET = 14.0;
				MTL_ENABLE_DEBUG_INFO = INCLUDE_SOURCE;
				MTL_FAST_MATH = YES;
				ONLY_ACTIVE_ARCH = YES;
				SDKROOT = macosx;
				SWIFT_ACTIVE_COMPILATION_CONDITIONS = "DEBUG $(inherited)";
				SWIFT_OPTIMIZATION_LEVEL = "-Onone";
			};
			name = Debug;
		};
		432B8C5F2B1FC06800F9F3D3 /* Release */ = {
			isa = XCBuildConfiguration;
			buildSettings = {
				ALWAYS_SEARCH_USER_PATHS = NO;
				ASSETCATALOG_COMPILER_GENERATE_SWIFT_ASSET_SYMBOL_EXTENSIONS = YES;
				CLANG_ANALYZER_NONNULL = YES;
				CLANG_ANALYZER_NUMBER_OBJECT_CONVERSION = YES_AGGRESSIVE;
				CLANG_CXX_LANGUAGE_STANDARD = "gnu++20";
				CLANG_ENABLE_MODULES = YES;
				CLANG_ENABLE_OBJC_ARC = YES;
				CLANG_ENABLE_OBJC_WEAK = YES;
				CLANG_WARN_BLOCK_CAPTURE_AUTORELEASING = YES;
				CLANG_WARN_BOOL_CONVERSION = YES;
				CLANG_WARN_COMMA = YES;
				CLANG_WARN_CONSTANT_CONVERSION = YES;
				CLANG_WARN_DEPRECATED_OBJC_IMPLEMENTATIONS = YES;
				CLANG_WARN_DIRECT_OBJC_ISA_USAGE = YES_ERROR;
				CLANG_WARN_DOCUMENTATION_COMMENTS = YES;
				CLANG_WARN_EMPTY_BODY = YES;
				CLANG_WARN_ENUM_CONVERSION = YES;
				CLANG_WARN_INFINITE_RECURSION = YES;
				CLANG_WARN_INT_CONVERSION = YES;
				CLANG_WARN_NON_LITERAL_NULL_CONVERSION = YES;
				CLANG_WARN_OBJC_IMPLICIT_RETAIN_SELF = YES;
				CLANG_WARN_OBJC_LITERAL_CONVERSION = YES;
				CLANG_WARN_OBJC_ROOT_CLASS = YES_ERROR;
				CLANG_WARN_QUOTED_INCLUDE_IN_FRAMEWORK_HEADER = YES;
				CLANG_WARN_RANGE_LOOP_ANALYSIS = YES;
				CLANG_WARN_STRICT_PROTOTYPES = YES;
				CLANG_WARN_SUSPICIOUS_MOVE = YES;
				CLANG_WARN_UNGUARDED_AVAILABILITY = YES_AGGRESSIVE;
				CLANG_WARN_UNREACHABLE_CODE = YES;
				CLANG_WARN__DUPLICATE_METHOD_MATCH = YES;
				COPY_PHASE_STRIP = NO;
				DEBUG_INFORMATION_FORMAT = "dwarf-with-dsym";
				ENABLE_NS_ASSERTIONS = NO;
				ENABLE_STRICT_OBJC_MSGSEND = YES;
				ENABLE_USER_SCRIPT_SANDBOXING = YES;
				GCC_C_LANGUAGE_STANDARD = gnu17;
				GCC_NO_COMMON_BLOCKS = YES;
				GCC_WARN_64_TO_32_BIT_CONVERSION = YES;
				GCC_WARN_ABOUT_RETURN_TYPE = YES_ERROR;
				GCC_WARN_UNDECLARED_SELECTOR = YES;
				GCC_WARN_UNINITIALIZED_AUTOS = YES_AGGRESSIVE;
				GCC_WARN_UNUSED_FUNCTION = YES;
				GCC_WARN_UNUSED_VARIABLE = YES;
				LOCALIZATION_PREFERS_STRING_CATALOGS = YES;
				MACOSX_DEPLOYMENT_TARGET = 14.0;
				MTL_ENABLE_DEBUG_INFO = NO;
				MTL_FAST_MATH = YES;
				SDKROOT = macosx;
				SWIFT_COMPILATION_MODE = wholemodule;
			};
			name = Release;
		};
		432B8C612B1FC06800F9F3D3 /* Debug */ = {
			isa = XCBuildConfiguration;
			buildSettings = {
				ASSETCATALOG_COMPILER_APPICON_NAME = AppIcon;
				ASSETCATALOG_COMPILER_GLOBAL_ACCENT_COLOR_NAME = AccentColor;
				CODE_SIGN_ENTITLEMENTS = TestVarios/TestVarios.entitlements;
				CODE_SIGN_STYLE = Automatic;
				COMBINE_HIDPI_IMAGES = YES;
				CURRENT_PROJECT_VERSION = 1;
				DEVELOPMENT_ASSET_PATHS = "\"TestVarios/Preview Content\"";
				DEVELOPMENT_TEAM = QCQ83KS7QR;
				ENABLE_HARDENED_RUNTIME = YES;
				ENABLE_PREVIEWS = YES;
				GENERATE_INFOPLIST_FILE = YES;
				INFOPLIST_KEY_NSHumanReadableCopyright = "";
				LD_RUNPATH_SEARCH_PATHS = (
					"$(inherited)",
					"@executable_path/../Frameworks",
				);
				MARKETING_VERSION = 1.0;
				PRODUCT_BUNDLE_IDENTIFIER = LB.TestVarios;
				PRODUCT_NAME = "$(TARGET_NAME)";
				SWIFT_EMIT_LOC_STRINGS = YES;
				SWIFT_VERSION = 5.0;
			};
			name = Debug;
		};
		432B8C622B1FC06800F9F3D3 /* Release */ = {
			isa = XCBuildConfiguration;
			buildSettings = {
				ASSETCATALOG_COMPILER_APPICON_NAME = AppIcon;
				ASSETCATALOG_COMPILER_GLOBAL_ACCENT_COLOR_NAME = AccentColor;
				CODE_SIGN_ENTITLEMENTS = TestVarios/TestVarios.entitlements;
				CODE_SIGN_STYLE = Automatic;
				COMBINE_HIDPI_IMAGES = YES;
				CURRENT_PROJECT_VERSION = 1;
				DEVELOPMENT_ASSET_PATHS = "\"TestVarios/Preview Content\"";
				DEVELOPMENT_TEAM = QCQ83KS7QR;
				ENABLE_HARDENED_RUNTIME = YES;
				ENABLE_PREVIEWS = YES;
				GENERATE_INFOPLIST_FILE = YES;
				INFOPLIST_KEY_NSHumanReadableCopyright = "";
				LD_RUNPATH_SEARCH_PATHS = (
					"$(inherited)",
					"@executable_path/../Frameworks",
				);
				MARKETING_VERSION = 1.0;
				PRODUCT_BUNDLE_IDENTIFIER = LB.TestVarios;
				PRODUCT_NAME = "$(TARGET_NAME)";
				SWIFT_EMIT_LOC_STRINGS = YES;
				SWIFT_VERSION = 5.0;
			};
			name = Release;
		};
/* End XCBuildConfiguration section */

/* Begin XCConfigurationList section */
		432B8C4C2B1FC06600F9F3D3 /* Build configuration list for PBXProject "TestVarios" */ = {
			isa = XCConfigurationList;
			buildConfigurations = (
				432B8C5E2B1FC06800F9F3D3 /* Debug */,
				432B8C5F2B1FC06800F9F3D3 /* Release */,
			);
			defaultConfigurationIsVisible = 0;
			defaultConfigurationName = Release;
		};
		432B8C602B1FC06800F9F3D3 /* Build configuration list for PBXNativeTarget "TestVarios" */ = {
			isa = XCConfigurationList;
			buildConfigurations = (
				432B8C612B1FC06800F9F3D3 /* Debug */,
				432B8C622B1FC06800F9F3D3 /* Release */,
			);
			defaultConfigurationIsVisible = 0;
			defaultConfigurationName = Release;
		};
/* End XCConfigurationList section */
	};
	rootObject = 432B8C492B1FC06600F9F3D3 /* Project object */;
}
